
Microsoft Visual Studio Solution File, Format Version 12.00
# Visual Studio Version 16
VisualStudioVersion = 16.0.31424.327
MinimumVisualStudioVersion = 10.0.40219.1
Project("{FAE04EC0-301F-11D3-BF4B-00C04F79EFBC}") = "CapaPresentacionAdmin", "CapaPresentacionAdmin\CapaPresentacionAdmin.csproj", "{2ADC675E-8089-49DF-B9AC-986C8B920800}"
EndProject
Project("{FAE04EC0-301F-11D3-BF4B-00C04F79EFBC}") = "CapaPresentacionTienda", "CapaPresentacionTienda\CapaPresentacionTienda.csproj", "{C36054A0-4156-4246-8C54-BD4E577EFC2C}"
EndProject
Project("{FAE04EC0-301F-11D3-BF4B-00C04F79EFBC}") = "CapaDatos", "CapaDatos\CapaDatos.csproj", "{C6874B1C-615F-4195-8CAC-6461A95D4BB7}"
EndProject
Project("{FAE04EC0-301F-11D3-BF4B-00C04F79EFBC}") = "CapaEntidad", "CapaEntidad\CapaEntidad.csproj", "{936DFFF3-1EDA-443E-93A6-C7F0E9EEEA0F}"
EndProject
Project("{FAE04EC0-301F-11D3-BF4B-00C04F79EFBC}") = "CapaNegocio", "CapaNegocio\CapaNegocio.csproj", "{4B14B07B-1B1A-4E1A-8E0A-0FBB69797585}"
EndProject
Global
	GlobalSection(SolutionConfigurationPlatforms) = preSolution
		Debug|Any CPU = Debug|Any CPU
		Release|Any CPU = Release|Any CPU
	EndGlobalSection
	GlobalSection(ProjectConfigurationPlatforms) = postSolution
		{2ADC675E-8089-49DF-B9AC-986C8B920800}.Debug|Any CPU.ActiveCfg = Debug|Any CPU
		{2ADC675E-8089-49DF-B9AC-986C8B920800}.Debug|Any CPU.Build.0 = Debug|Any CPU
		{2ADC675E-8089-49DF-B9AC-986C8B920800}.Release|Any CPU.ActiveCfg = Release|Any CPU
		{2ADC675E-8089-49DF-B9AC-986C8B920800}.Release|Any CPU.Build.0 = Release|Any CPU
		{C36054A0-4156-4246-8C54-BD4E577EFC2C}.Debug|Any CPU.ActiveCfg = Debug|Any CPU
		{C36054A0-4156-4246-8C54-BD4E577EFC2C}.Debug|Any CPU.Build.0 = Debug|Any CPU
		{C36054A0-4156-4246-8C54-BD4E577EFC2C}.Release|Any CPU.ActiveCfg = Release|Any CPU
		{C36054A0-4156-4246-8C54-BD4E577EFC2C}.Release|Any CPU.Build.0 = Release|Any CPU
		{C6874B1C-615F-4195-8CAC-6461A95D4BB7}.Debug|Any CPU.ActiveCfg = Debug|Any CPU
		{C6874B1C-615F-4195-8CAC-6461A95D4BB7}.Debug|Any CPU.Build.0 = Debug|Any CPU
		{C6874B1C-615F-4195-8CAC-6461A95D4BB7}.Release|Any CPU.ActiveCfg = Release|Any CPU
		{C6874B1C-615F-4195-8CAC-6461A95D4BB7}.Release|Any CPU.Build.0 = Release|Any CPU
		{936DFFF3-1EDA-443E-93A6-C7F0E9EEEA0F}.Debug|Any CPU.ActiveCfg = Debug|Any CPU
		{936DFFF3-1EDA-443E-93A6-C7F0E9EEEA0F}.Debug|Any CPU.Build.0 = Debug|Any CPU
		{936DFFF3-1EDA-443E-93A6-C7F0E9EEEA0F}.Release|Any CPU.ActiveCfg = Release|Any CPU
		{936DFFF3-1EDA-443E-93A6-C7F0E9EEEA0F}.Release|Any CPU.Build.0 = Release|Any CPU
		{4B14B07B-1B1A-4E1A-8E0A-0FBB69797585}.Debug|Any CPU.ActiveCfg = Debug|Any CPU
		{4B14B07B-1B1A-4E1A-8E0A-0FBB69797585}.Debug|Any CPU.Build.0 = Debug|Any CPU
		{4B14B07B-1B1A-4E1A-8E0A-0FBB69797585}.Release|Any CPU.ActiveCfg = Release|Any CPU
		{4B14B07B-1B1A-4E1A-8E0A-0FBB69797585}.Release|Any CPU.Build.0 = Release|Any CPU
	EndGlobalSection
	GlobalSection(SolutionProperties) = preSolution
		HideSolutionNode = FALSE
	EndGlobalSection
	GlobalSection(ExtensibilityGlobals) = postSolution
		SolutionGuid = {DEB9A811-DD9F-4F4A-BBF2-1ABD995E9167}
	EndGlobalSection
EndGlobal
